<?xml version="1.0" encoding="utf-8"?>
<Project ToolsVersion="4.0" xmlns="http://schemas.microsoft.com/developer/msbuild/2003">
  <ItemGroup>
    <Filter Include="Source Files">
      <UniqueIdentifier>{4FC737F1-C7A5-4376-A066-2A32D752A2FF}</UniqueIdentifier>
      <Extensions>cpp;c;cc;cxx;c++;cppm;ixx;def;odl;idl;hpj;bat;asm;asmx</Extensions>
    </Filter>
    <Filter Include="Header Files">
      <UniqueIdentifier>{93995380-89BD-4b04-88EB-625FBE52EBFB}</UniqueIdentifier>
      <Extensions>h;hh;hpp;hxx;h++;hm;inl;inc;ipp;xsd</Extensions>
    </Filter>
    <Filter Include="Resource Files">
      <UniqueIdentifier>{67DA6AB6-F800-4c08-8B7A-83BB121AAD01}</UniqueIdentifier>
      <Extensions>rc;ico;cur;bmp;dlg;rc2;rct;bin;rgs;gif;jpg;jpeg;jpe;resx;tiff;tif;png;wav;mfcribbon-ms</Extensions>
    </Filter>
  </ItemGroup>
  <ItemGroup>
    <ClInclude Include="Array.h">
      <Filter>Header Files</Filter>
    </ClInclude>
    <ClInclude Include="CaretController.h">
      <Filter>Header Files</Filter>
    </ClInclude>
    <ClInclude Include="CharacterMetrics.h">
      <Filter>Header Files</Filter>
    </ClInclude>
    <ClInclude Include="Characters.h">
      <Filter>Header Files</Filter>
    </ClInclude>
    <ClInclude Include="Composite.h">
      <Filter>Header Files</Filter>
    </ClInclude>
    <ClInclude Include="Font.h">
      <Filter>Header Files</Filter>
    </ClInclude>
    <ClInclude Include="DrawingVisitor.h">
      <Filter>Header Files</Filter>
    </ClInclude>
    <ClInclude Include="Caret.h">
      <Filter>Header Files</Filter>
    </ClInclude>
    <ClInclude Include="Glyph.h">
      <Filter>Header Files</Filter>
    </ClInclude>
    <ClInclude Include="GlyphFactory.h">
      <Filter>Header Files</Filter>
    </ClInclude>
    <ClInclude Include="HScrollActionFactory.h">
      <Filter>Header Files</Filter>
    </ClInclude>
    <ClInclude Include="HScrollActions.h">
      <Filter>Header Files</Filter>
    </ClInclude>
    <ClInclude Include="KeyActionFactory.h">
      <Filter>Header Files</Filter>
    </ClInclude>
    <ClInclude Include="KeyActions.h">
      <Filter>Header Files</Filter>
    </ClInclude>
    <ClInclude Include="Line.h">
      <Filter>Header Files</Filter>
    </ClInclude>
    <ClInclude Include="Note.h">
      <Filter>Header Files</Filter>
    </ClInclude>
    <ClInclude Include="VScrollActions.h">
      <Filter>Header Files</Filter>
    </ClInclude>
    <ClInclude Include="VScrollActionFactory.h">
      <Filter>Header Files</Filter>
    </ClInclude>
    <ClInclude Include="Visitor.h">
      <Filter>Header Files</Filter>
    </ClInclude>
    <ClInclude Include="TextEditingForm.h">
      <Filter>Header Files</Filter>
    </ClInclude>
    <ClInclude Include="Subject.h">
      <Filter>Header Files</Filter>
    </ClInclude>
    <ClInclude Include="Selection.h">
      <Filter>Header Files</Filter>
    </ClInclude>
    <ClInclude Include="ScrollController.h">
      <Filter>Header Files</Filter>
    </ClInclude>
    <ClInclude Include="Scroll.h">
      <Filter>Header Files</Filter>
    </ClInclude>
    <ClInclude Include="Observer.h">
      <Filter>Header Files</Filter>
    </ClInclude>
    <ClInclude Include="TextEditorApp.h">
      <Filter>Header Files</Filter>
    </ClInclude>
    <ClInclude Include="resource.h">
      <Filter>Header Files</Filter>
    </ClInclude>
    <ClInclude Include="Scanner.h">
      <Filter>Header Files</Filter>
    </ClInclude>
    <ClInclude Include="CommandFactory.h">
      <Filter>Header Files</Filter>
    </ClInclude>
    <ClInclude Include="Commands.h">
      <Filter>Header Files</Filter>
    </ClInclude>
  </ItemGroup>
  <ItemGroup>
    <ClCompile Include="Caret.cpp">
      <Filter>Source Files</Filter>
    </ClCompile>
    <ClCompile Include="CaretController.cpp">
      <Filter>Source Files</Filter>
    </ClCompile>
    <ClCompile Include="CharacterMetrics.cpp">
      <Filter>Source Files</Filter>
    </ClCompile>
    <ClCompile Include="Characters.cpp">
      <Filter>Source Files</Filter>
    </ClCompile>
    <ClCompile Include="Composite.cpp">
      <Filter>Source Files</Filter>
    </ClCompile>
    <ClCompile Include="DrawingVisitor.cpp">
      <Filter>Source Files</Filter>
    </ClCompile>
    <ClCompile Include="Font.cpp">
      <Filter>Source Files</Filter>
    </ClCompile>
    <ClCompile Include="Glyph.cpp">
      <Filter>Source Files</Filter>
    </ClCompile>
    <ClCompile Include="GlyphFactory.cpp">
      <Filter>Source Files</Filter>
    </ClCompile>
    <ClCompile Include="HScrollActionFactory.cpp">
      <Filter>Source Files</Filter>
    </ClCompile>
    <ClCompile Include="HScrollActions.cpp">
      <Filter>Source Files</Filter>
    </ClCompile>
    <ClCompile Include="KeyActionFactory.cpp">
      <Filter>Source Files</Filter>
    </ClCompile>
    <ClCompile Include="KeyActions.cpp">
      <Filter>Source Files</Filter>
    </ClCompile>
    <ClCompile Include="Line.cpp">
      <Filter>Source Files</Filter>
    </ClCompile>
    <ClCompile Include="Note.cpp">
      <Filter>Source Files</Filter>
    </ClCompile>
    <ClCompile Include="Observer.cpp">
      <Filter>Source Files</Filter>
    </ClCompile>
    <ClCompile Include="Scroll.cpp">
      <Filter>Source Files</Filter>
    </ClCompile>
    <ClCompile Include="ScrollController.cpp">
      <Filter>Source Files</Filter>
    </ClCompile>
    <ClCompile Include="Selection.cpp">
      <Filter>Source Files</Filter>
    </ClCompile>
    <ClCompile Include="Subject.cpp">
      <Filter>Source Files</Filter>
    </ClCompile>
    <ClCompile Include="TextEditingForm.cpp">
      <Filter>Source Files</Filter>
    </ClCompile>
    <ClCompile Include="Visitor.cpp">
      <Filter>Source Files</Filter>
    </ClCompile>
    <ClCompile Include="VScrollActionFactory.cpp">
      <Filter>Source Files</Filter>
    </ClCompile>
    <ClCompile Include="VScrollActions.cpp">
      <Filter>Source Files</Filter>
    </ClCompile>
    <ClCompile Include="TextEditorApp.cpp">
      <Filter>Source Files</Filter>
    </ClCompile>
    <ClCompile Include="Scanner.cpp">
      <Filter>Source Files</Filter>
    </ClCompile>
    <ClCompile Include="CommandFactory.cpp">
      <Filter>Source Files</Filter>
    </ClCompile>
    <ClCompile Include="Commands.cpp">
      <Filter>Source Files</Filter>
    </ClCompile>
  </ItemGroup>
</Project>